
Microsoft Visual Studio Solution File, Format Version 12.00
# Visual Studio Version 17
VisualStudioVersion = 17.8.34322.80
MinimumVisualStudioVersion = 10.0.40219.1
Project("{2150E333-8FDC-42A3-9474-1A3956D46DE8}") = "src", "src", "{634F712B-7772-40A3-8C72-3DC999633C9E}"
EndProject
Project("{2150E333-8FDC-42A3-9474-1A3956D46DE8}") = "Solution Items", "Solution Items", "{DD31C1B2-3E25-430D-936F-1E0F6FB97E20}"
	ProjectSection(SolutionItems) = preProject
		ServiceUrl = ServiceUrl
	EndProjectSection
EndProject
Project("{2150E333-8FDC-42A3-9474-1A3956D46DE8}") = "ApiGateways", "ApiGateways", "{34F8912B-9558-46A5-A620-1907C6B2F68D}"
EndProject
Project("{2150E333-8FDC-42A3-9474-1A3956D46DE8}") = "BuildingBlocks", "BuildingBlocks", "{B56AF961-B135-4552-A49D-8F46DC2CC8B7}"
EndProject
Project("{2150E333-8FDC-42A3-9474-1A3956D46DE8}") = "Services", "Services", "{510C6DB5-FC70-4F48-AC1C-58C8BC3F1187}"
EndProject
Project("{2150E333-8FDC-42A3-9474-1A3956D46DE8}") = "BlazorMobileApp", "BlazorMobileApp", "{DE680956-18E9-4D60-9A7C-A205F4399022}"
EndProject
Project("{2150E333-8FDC-42A3-9474-1A3956D46DE8}") = "Clients", "Clients", "{E2219DB0-17D3-45D0-BADB-B1F7A5DA3373}"
EndProject
Project("{2150E333-8FDC-42A3-9474-1A3956D46DE8}") = "MobileApiGateway", "MobileApiGateway", "{41014C17-B5E1-4776-BCB7-057A9487C160}"
EndProject
Project("{9A19103F-16F7-4668-BE54-9A1E7A4F7556}") = "Mobile.Gateway", "src\ApiGateways\MobileApiGateway\Mobile.Gateway\Mobile.Gateway.csproj", "{B111CC99-5022-4D0C-8868-D4C500A12327}"
EndProject
Project("{2150E333-8FDC-42A3-9474-1A3956D46DE8}") = "EventBus", "EventBus", "{29265244-883C-4AE5-99A6-7BC211569DF2}"
EndProject
Project("{9A19103F-16F7-4668-BE54-9A1E7A4F7556}") = "EventBus.Base", "src\BuildingBlocks\EventBus\EventBus.Base\EventBus.Base.csproj", "{17D2B5A3-67D1-4EF2-B5FB-40419D79A426}"
EndProject
Project("{9A19103F-16F7-4668-BE54-9A1E7A4F7556}") = "EventBus.Factory", "src\BuildingBlocks\EventBus\EventBus.Factory\EventBus.Factory.csproj", "{717C3905-B098-43C7-97EB-B98EAEF92A2D}"
EndProject
Project("{9A19103F-16F7-4668-BE54-9A1E7A4F7556}") = "EventBus.AzureServiceBus", "src\BuildingBlocks\EventBus\EventBus.AzureServiceBus\EventBus.AzureServiceBus.csproj", "{056C7120-E00E-492A-819F-3601BD0B23A3}"
EndProject
Project("{9A19103F-16F7-4668-BE54-9A1E7A4F7556}") = "EventBus.RabbitMQ", "src\BuildingBlocks\EventBus\EventBus.RabbitMQ\EventBus.RabbitMQ.csproj", "{F41EB102-C41F-489F-8537-923A05548361}"
EndProject
Project("{9A19103F-16F7-4668-BE54-9A1E7A4F7556}") = "MobileApp", "src\Clients\BlazorMobileApp\MobileApp\MobileApp.csproj", "{F4B09820-4A37-41E4-8D42-636F583871D5}"
EndProject
Project("{2150E333-8FDC-42A3-9474-1A3956D46DE8}") = "BasketService", "BasketService", "{FA68303D-4845-40D7-80F0-2454C2FFC4D0}"
EndProject
Project("{9A19103F-16F7-4668-BE54-9A1E7A4F7556}") = "BasketService.Api", "src\Services\BasketService.Api\BasketService.Api.csproj", "{713DFC02-D8F4-48DE-876D-AF7615C68ECF}"
EndProject
Project("{2150E333-8FDC-42A3-9474-1A3956D46DE8}") = "CatologService", "CatologService", "{77D9B63F-7F24-4BDA-8EA6-1114D47E422A}"
EndProject
Project("{9A19103F-16F7-4668-BE54-9A1E7A4F7556}") = "CatologService.Api", "src\Services\CatologService.Api\CatologService.Api.csproj", "{2EAA0816-A5D7-48EC-ACD4-C10ADF733242}"
EndProject
Project("{2150E333-8FDC-42A3-9474-1A3956D46DE8}") = "IdentityService", "IdentityService", "{7826661D-142F-4FB6-A216-2419738E3186}"
EndProject
Project("{9A19103F-16F7-4668-BE54-9A1E7A4F7556}") = "IdentityService.Api", "src\Services\IdentityService.Api\IdentityService.Api.csproj", "{585EA260-C54A-4DA3-AAB7-702FE7288080}"
EndProject
Project("{2150E333-8FDC-42A3-9474-1A3956D46DE8}") = "NotificationService", "NotificationService", "{4409D9B1-EE9A-4693-867A-F41AEDDA66AF}"
EndProject
Project("{9A19103F-16F7-4668-BE54-9A1E7A4F7556}") = "NotificationService", "src\Services\NotificationService\NotificationService\NotificationService.csproj", "{F7E0E46B-C2A4-40E1-8533-EB43527571C2}"
EndProject
Project("{2150E333-8FDC-42A3-9474-1A3956D46DE8}") = "OrderService", "OrderService", "{A2174633-05A4-45C4-94C1-A79A15613924}"
EndProject
Project("{9A19103F-16F7-4668-BE54-9A1E7A4F7556}") = "OrderService.Api", "src\Services\OrderService\OrderService.Api\OrderService.Api.csproj", "{D140DF19-9DBD-4C28-9CCD-DFC7BEA3F186}"
EndProject
Project("{9A19103F-16F7-4668-BE54-9A1E7A4F7556}") = "OrderService.Domain", "src\Services\OrderService\OrderService.Domain\OrderService.Domain.csproj", "{1C600FE3-D225-4ADF-B735-1806338C924F}"
EndProject
Project("{9A19103F-16F7-4668-BE54-9A1E7A4F7556}") = "OrderService.Application", "src\Services\OrderService\OrderService.Application\OrderService.Application.csproj", "{182E444F-345E-4094-82C4-9CA7846E7E77}"
EndProject
Project("{9A19103F-16F7-4668-BE54-9A1E7A4F7556}") = "OrderService.Infastructure", "src\Services\OrderService\OrderService.Infastructure\OrderService.Infastructure.csproj", "{A8F5E69B-7EF9-4171-A15F-8DF6DBA5FAF7}"
EndProject
Project("{2150E333-8FDC-42A3-9474-1A3956D46DE8}") = "PaymentService", "PaymentService", "{989E8D60-8874-43AF-8558-8CD42E4E4814}"
EndProject
Project("{9A19103F-16F7-4668-BE54-9A1E7A4F7556}") = "PaymentService.Api", "src\Services\PaymentService\PaymentService.Api\PaymentService.Api.csproj", "{CC79F9C4-A68C-4304-B17B-3AD202A88E04}"
EndProject
Project("{2150E333-8FDC-42A3-9474-1A3956D46DE8}") = "tests", "tests", "{F7402F09-94F9-4E2F-BF77-927163C2A6DB}"
EndProject
Project("{2150E333-8FDC-42A3-9474-1A3956D46DE8}") = "BuildingBlocks", "BuildingBlocks", "{47DD5DED-C120-46EA-8DAF-EEB442DF7787}"
EndProject
Project("{FAE04EC0-301F-11D3-BF4B-00C04F79EFBC}") = "TestProject2", "tests\BuildingBlocks\TestProject2\TestProject2.csproj", "{97F1FBE8-5B16-41A5-B305-1E31D34AFEA0}"
EndProject
Global
	GlobalSection(SolutionConfigurationPlatforms) = preSolution
		Debug|Any CPU = Debug|Any CPU
		Release|Any CPU = Release|Any CPU
	EndGlobalSection
	GlobalSection(ProjectConfigurationPlatforms) = postSolution
		{B111CC99-5022-4D0C-8868-D4C500A12327}.Debug|Any CPU.ActiveCfg = Debug|Any CPU
		{B111CC99-5022-4D0C-8868-D4C500A12327}.Debug|Any CPU.Build.0 = Debug|Any CPU
		{B111CC99-5022-4D0C-8868-D4C500A12327}.Release|Any CPU.ActiveCfg = Release|Any CPU
		{B111CC99-5022-4D0C-8868-D4C500A12327}.Release|Any CPU.Build.0 = Release|Any CPU
		{17D2B5A3-67D1-4EF2-B5FB-40419D79A426}.Debug|Any CPU.ActiveCfg = Debug|Any CPU
		{17D2B5A3-67D1-4EF2-B5FB-40419D79A426}.Debug|Any CPU.Build.0 = Debug|Any CPU
		{17D2B5A3-67D1-4EF2-B5FB-40419D79A426}.Release|Any CPU.ActiveCfg = Release|Any CPU
		{17D2B5A3-67D1-4EF2-B5FB-40419D79A426}.Release|Any CPU.Build.0 = Release|Any CPU
		{717C3905-B098-43C7-97EB-B98EAEF92A2D}.Debug|Any CPU.ActiveCfg = Debug|Any CPU
		{717C3905-B098-43C7-97EB-B98EAEF92A2D}.Debug|Any CPU.Build.0 = Debug|Any CPU
		{717C3905-B098-43C7-97EB-B98EAEF92A2D}.Release|Any CPU.ActiveCfg = Release|Any CPU
		{717C3905-B098-43C7-97EB-B98EAEF92A2D}.Release|Any CPU.Build.0 = Release|Any CPU
		{056C7120-E00E-492A-819F-3601BD0B23A3}.Debug|Any CPU.ActiveCfg = Debug|Any CPU
		{056C7120-E00E-492A-819F-3601BD0B23A3}.Debug|Any CPU.Build.0 = Debug|Any CPU
		{056C7120-E00E-492A-819F-3601BD0B23A3}.Release|Any CPU.ActiveCfg = Release|Any CPU
		{056C7120-E00E-492A-819F-3601BD0B23A3}.Release|Any CPU.Build.0 = Release|Any CPU
		{F41EB102-C41F-489F-8537-923A05548361}.Debug|Any CPU.ActiveCfg = Debug|Any CPU
		{F41EB102-C41F-489F-8537-923A05548361}.Debug|Any CPU.Build.0 = Debug|Any CPU
		{F41EB102-C41F-489F-8537-923A05548361}.Release|Any CPU.ActiveCfg = Release|Any CPU
		{F41EB102-C41F-489F-8537-923A05548361}.Release|Any CPU.Build.0 = Release|Any CPU
		{F4B09820-4A37-41E4-8D42-636F583871D5}.Debug|Any CPU.ActiveCfg = Debug|Any CPU
		{F4B09820-4A37-41E4-8D42-636F583871D5}.Debug|Any CPU.Build.0 = Debug|Any CPU
		{F4B09820-4A37-41E4-8D42-636F583871D5}.Release|Any CPU.ActiveCfg = Release|Any CPU
		{F4B09820-4A37-41E4-8D42-636F583871D5}.Release|Any CPU.Build.0 = Release|Any CPU
		{713DFC02-D8F4-48DE-876D-AF7615C68ECF}.Debug|Any CPU.ActiveCfg = Debug|Any CPU
		{713DFC02-D8F4-48DE-876D-AF7615C68ECF}.Debug|Any CPU.Build.0 = Debug|Any CPU
		{713DFC02-D8F4-48DE-876D-AF7615C68ECF}.Release|Any CPU.ActiveCfg = Release|Any CPU
		{713DFC02-D8F4-48DE-876D-AF7615C68ECF}.Release|Any CPU.Build.0 = Release|Any CPU
		{2EAA0816-A5D7-48EC-ACD4-C10ADF733242}.Debug|Any CPU.ActiveCfg = Debug|Any CPU
		{2EAA0816-A5D7-48EC-ACD4-C10ADF733242}.Debug|Any CPU.Build.0 = Debug|Any CPU
		{2EAA0816-A5D7-48EC-ACD4-C10ADF733242}.Release|Any CPU.ActiveCfg = Release|Any CPU
		{2EAA0816-A5D7-48EC-ACD4-C10ADF733242}.Release|Any CPU.Build.0 = Release|Any CPU
		{585EA260-C54A-4DA3-AAB7-702FE7288080}.Debug|Any CPU.ActiveCfg = Debug|Any CPU
		{585EA260-C54A-4DA3-AAB7-702FE7288080}.Debug|Any CPU.Build.0 = Debug|Any CPU
		{585EA260-C54A-4DA3-AAB7-702FE7288080}.Release|Any CPU.ActiveCfg = Release|Any CPU
		{585EA260-C54A-4DA3-AAB7-702FE7288080}.Release|Any CPU.Build.0 = Release|Any CPU
		{F7E0E46B-C2A4-40E1-8533-EB43527571C2}.Debug|Any CPU.ActiveCfg = Debug|Any CPU
		{F7E0E46B-C2A4-40E1-8533-EB43527571C2}.Debug|Any CPU.Build.0 = Debug|Any CPU
		{F7E0E46B-C2A4-40E1-8533-EB43527571C2}.Release|Any CPU.ActiveCfg = Release|Any CPU
		{F7E0E46B-C2A4-40E1-8533-EB43527571C2}.Release|Any CPU.Build.0 = Release|Any CPU
		{D140DF19-9DBD-4C28-9CCD-DFC7BEA3F186}.Debug|Any CPU.ActiveCfg = Debug|Any CPU
		{D140DF19-9DBD-4C28-9CCD-DFC7BEA3F186}.Debug|Any CPU.Build.0 = Debug|Any CPU
		{D140DF19-9DBD-4C28-9CCD-DFC7BEA3F186}.Release|Any CPU.ActiveCfg = Release|Any CPU
		{D140DF19-9DBD-4C28-9CCD-DFC7BEA3F186}.Release|Any CPU.Build.0 = Release|Any CPU
		{1C600FE3-D225-4ADF-B735-1806338C924F}.Debug|Any CPU.ActiveCfg = Debug|Any CPU
		{1C600FE3-D225-4ADF-B735-1806338C924F}.Debug|Any CPU.Build.0 = Debug|Any CPU
		{1C600FE3-D225-4ADF-B735-1806338C924F}.Release|Any CPU.ActiveCfg = Release|Any CPU
		{1C600FE3-D225-4ADF-B735-1806338C924F}.Release|Any CPU.Build.0 = Release|Any CPU
		{182E444F-345E-4094-82C4-9CA7846E7E77}.Debug|Any CPU.ActiveCfg = Debug|Any CPU
		{182E444F-345E-4094-82C4-9CA7846E7E77}.Debug|Any CPU.Build.0 = Debug|Any CPU
		{182E444F-345E-4094-82C4-9CA7846E7E77}.Release|Any CPU.ActiveCfg = Release|Any CPU
		{182E444F-345E-4094-82C4-9CA7846E7E77}.Release|Any CPU.Build.0 = Release|Any CPU
		{A8F5E69B-7EF9-4171-A15F-8DF6DBA5FAF7}.Debug|Any CPU.ActiveCfg = Debug|Any CPU
		{A8F5E69B-7EF9-4171-A15F-8DF6DBA5FAF7}.Debug|Any CPU.Build.0 = Debug|Any CPU
		{A8F5E69B-7EF9-4171-A15F-8DF6DBA5FAF7}.Release|Any CPU.ActiveCfg = Release|Any CPU
		{A8F5E69B-7EF9-4171-A15F-8DF6DBA5FAF7}.Release|Any CPU.Build.0 = Release|Any CPU
		{CC79F9C4-A68C-4304-B17B-3AD202A88E04}.Debug|Any CPU.ActiveCfg = Debug|Any CPU
		{CC79F9C4-A68C-4304-B17B-3AD202A88E04}.Debug|Any CPU.Build.0 = Debug|Any CPU
		{CC79F9C4-A68C-4304-B17B-3AD202A88E04}.Release|Any CPU.ActiveCfg = Release|Any CPU
		{CC79F9C4-A68C-4304-B17B-3AD202A88E04}.Release|Any CPU.Build.0 = Release|Any CPU
		{97F1FBE8-5B16-41A5-B305-1E31D34AFEA0}.Debug|Any CPU.ActiveCfg = Debug|Any CPU
		{97F1FBE8-5B16-41A5-B305-1E31D34AFEA0}.Debug|Any CPU.Build.0 = Debug|Any CPU
		{97F1FBE8-5B16-41A5-B305-1E31D34AFEA0}.Release|Any CPU.ActiveCfg = Release|Any CPU
		{97F1FBE8-5B16-41A5-B305-1E31D34AFEA0}.Release|Any CPU.Build.0 = Release|Any CPU
	EndGlobalSection
	GlobalSection(SolutionProperties) = preSolution
		HideSolutionNode = FALSE
	EndGlobalSection
	GlobalSection(NestedProjects) = preSolution
		{34F8912B-9558-46A5-A620-1907C6B2F68D} = {634F712B-7772-40A3-8C72-3DC999633C9E}
		{B56AF961-B135-4552-A49D-8F46DC2CC8B7} = {634F712B-7772-40A3-8C72-3DC999633C9E}
		{510C6DB5-FC70-4F48-AC1C-58C8BC3F1187} = {634F712B-7772-40A3-8C72-3DC999633C9E}
		{DE680956-18E9-4D60-9A7C-A205F4399022} = {E2219DB0-17D3-45D0-BADB-B1F7A5DA3373}
		{E2219DB0-17D3-45D0-BADB-B1F7A5DA3373} = {634F712B-7772-40A3-8C72-3DC999633C9E}
		{41014C17-B5E1-4776-BCB7-057A9487C160} = {34F8912B-9558-46A5-A620-1907C6B2F68D}
		{B111CC99-5022-4D0C-8868-D4C500A12327} = {41014C17-B5E1-4776-BCB7-057A9487C160}
		{29265244-883C-4AE5-99A6-7BC211569DF2} = {B56AF961-B135-4552-A49D-8F46DC2CC8B7}
		{17D2B5A3-67D1-4EF2-B5FB-40419D79A426} = {29265244-883C-4AE5-99A6-7BC211569DF2}
		{717C3905-B098-43C7-97EB-B98EAEF92A2D} = {29265244-883C-4AE5-99A6-7BC211569DF2}
		{056C7120-E00E-492A-819F-3601BD0B23A3} = {29265244-883C-4AE5-99A6-7BC211569DF2}
		{F41EB102-C41F-489F-8537-923A05548361} = {29265244-883C-4AE5-99A6-7BC211569DF2}
		{F4B09820-4A37-41E4-8D42-636F583871D5} = {DE680956-18E9-4D60-9A7C-A205F4399022}
		{FA68303D-4845-40D7-80F0-2454C2FFC4D0} = {510C6DB5-FC70-4F48-AC1C-58C8BC3F1187}
		{713DFC02-D8F4-48DE-876D-AF7615C68ECF} = {FA68303D-4845-40D7-80F0-2454C2FFC4D0}
		{77D9B63F-7F24-4BDA-8EA6-1114D47E422A} = {510C6DB5-FC70-4F48-AC1C-58C8BC3F1187}
		{2EAA0816-A5D7-48EC-ACD4-C10ADF733242} = {77D9B63F-7F24-4BDA-8EA6-1114D47E422A}
		{7826661D-142F-4FB6-A216-2419738E3186} = {510C6DB5-FC70-4F48-AC1C-58C8BC3F1187}
		{585EA260-C54A-4DA3-AAB7-702FE7288080} = {7826661D-142F-4FB6-A216-2419738E3186}
		{4409D9B1-EE9A-4693-867A-F41AEDDA66AF} = {510C6DB5-FC70-4F48-AC1C-58C8BC3F1187}
		{F7E0E46B-C2A4-40E1-8533-EB43527571C2} = {4409D9B1-EE9A-4693-867A-F41AEDDA66AF}
		{A2174633-05A4-45C4-94C1-A79A15613924} = {510C6DB5-FC70-4F48-AC1C-58C8BC3F1187}
		{D140DF19-9DBD-4C28-9CCD-DFC7BEA3F186} = {A2174633-05A4-45C4-94C1-A79A15613924}
		{1C600FE3-D225-4ADF-B735-1806338C924F} = {A2174633-05A4-45C4-94C1-A79A15613924}
		{182E444F-345E-4094-82C4-9CA7846E7E77} = {A2174633-05A4-45C4-94C1-A79A15613924}
		{A8F5E69B-7EF9-4171-A15F-8DF6DBA5FAF7} = {A2174633-05A4-45C4-94C1-A79A15613924}
		{989E8D60-8874-43AF-8558-8CD42E4E4814} = {510C6DB5-FC70-4F48-AC1C-58C8BC3F1187}
		{CC79F9C4-A68C-4304-B17B-3AD202A88E04} = {989E8D60-8874-43AF-8558-8CD42E4E4814}
		{47DD5DED-C120-46EA-8DAF-EEB442DF7787} = {F7402F09-94F9-4E2F-BF77-927163C2A6DB}
		{97F1FBE8-5B16-41A5-B305-1E31D34AFEA0} = {47DD5DED-C120-46EA-8DAF-EEB442DF7787}
	EndGlobalSection
	GlobalSection(ExtensibilityGlobals) = postSolution
		SolutionGuid = {5D9D72D4-B729-48D4-958D-B06EEF73CEC8}
	EndGlobalSection
EndGlobal
